
Microsoft Visual Studio Solution File, Format Version 12.00
# Visual Studio Version 17
VisualStudioVersion = 17.3.32922.545
MinimumVisualStudioVersion = 10.0.40219.1
Project("{2150E333-8FDC-42A3-9474-1A3956D46DE8}") = "src", "src", "{9CE6C9E1-85A8-41DB-97BC-DE423D51E432}"
EndProject
Project("{9A19103F-16F7-4668-BE54-9A1E7A4F7556}") = "Code.Domain", "src\Code.Domain\Code.Domain.csproj", "{844649A4-A4A0-4DE0-A1FC-6FDF6E482C7E}"
EndProject
Project("{2150E333-8FDC-42A3-9474-1A3956D46DE8}") = "tests", "tests", "{3137C369-9454-4D3B-95FA-F4DDD987043F}"
EndProject
Project("{9A19103F-16F7-4668-BE54-9A1E7A4F7556}") = "Code.Application", "src\Code.Application\Code.Application.csproj", "{FCC9EE01-CCCC-42BD-BC71-4507A7E1EB32}"
EndProject
Project("{2150E333-8FDC-42A3-9474-1A3956D46DE8}") = "presentation", "presentation", "{962F7B50-5E5B-48FA-8384-CDAFD689AA0E}"
EndProject
Project("{9A19103F-16F7-4668-BE54-9A1E7A4F7556}") = "WebApi", "presentation\WebApi\WebApi.csproj", "{D905BB45-35AF-42E7-BAF3-A0D5BFF33E0C}"
EndProject
Project("{9A19103F-16F7-4668-BE54-9A1E7A4F7556}") = "Code.Infrastructure", "src\Code.Infrastructure\Code.Infrastructure.csproj", "{0ECCEF01-B3FB-4083-9248-AE0B84E557D1}"
EndProject
Global
	GlobalSection(SolutionConfigurationPlatforms) = preSolution
		Debug|Any CPU = Debug|Any CPU
		Release|Any CPU = Release|Any CPU
	EndGlobalSection
	GlobalSection(ProjectConfigurationPlatforms) = postSolution
		{844649A4-A4A0-4DE0-A1FC-6FDF6E482C7E}.Debug|Any CPU.ActiveCfg = Debug|Any CPU
		{844649A4-A4A0-4DE0-A1FC-6FDF6E482C7E}.Debug|Any CPU.Build.0 = Debug|Any CPU
		{844649A4-A4A0-4DE0-A1FC-6FDF6E482C7E}.Release|Any CPU.ActiveCfg = Release|Any CPU
		{844649A4-A4A0-4DE0-A1FC-6FDF6E482C7E}.Release|Any CPU.Build.0 = Release|Any CPU
		{FCC9EE01-CCCC-42BD-BC71-4507A7E1EB32}.Debug|Any CPU.ActiveCfg = Debug|Any CPU
		{FCC9EE01-CCCC-42BD-BC71-4507A7E1EB32}.Debug|Any CPU.Build.0 = Debug|Any CPU
		{FCC9EE01-CCCC-42BD-BC71-4507A7E1EB32}.Release|Any CPU.ActiveCfg = Release|Any CPU
		{FCC9EE01-CCCC-42BD-BC71-4507A7E1EB32}.Release|Any CPU.Build.0 = Release|Any CPU
		{D905BB45-35AF-42E7-BAF3-A0D5BFF33E0C}.Debug|Any CPU.ActiveCfg = Debug|Any CPU
		{D905BB45-35AF-42E7-BAF3-A0D5BFF33E0C}.Debug|Any CPU.Build.0 = Debug|Any CPU
		{D905BB45-35AF-42E7-BAF3-A0D5BFF33E0C}.Release|Any CPU.ActiveCfg = Release|Any CPU
		{D905BB45-35AF-42E7-BAF3-A0D5BFF33E0C}.Release|Any CPU.Build.0 = Release|Any CPU
		{0ECCEF01-B3FB-4083-9248-AE0B84E557D1}.Debug|Any CPU.ActiveCfg = Debug|Any CPU
		{0ECCEF01-B3FB-4083-9248-AE0B84E557D1}.Debug|Any CPU.Build.0 = Debug|Any CPU
		{0ECCEF01-B3FB-4083-9248-AE0B84E557D1}.Release|Any CPU.ActiveCfg = Release|Any CPU
		{0ECCEF01-B3FB-4083-9248-AE0B84E557D1}.Release|Any CPU.Build.0 = Release|Any CPU
	EndGlobalSection
	GlobalSection(SolutionProperties) = preSolution
		HideSolutionNode = FALSE
	EndGlobalSection
	GlobalSection(NestedProjects) = preSolution
		{844649A4-A4A0-4DE0-A1FC-6FDF6E482C7E} = {9CE6C9E1-85A8-41DB-97BC-DE423D51E432}
		{FCC9EE01-CCCC-42BD-BC71-4507A7E1EB32} = {9CE6C9E1-85A8-41DB-97BC-DE423D51E432}
		{D905BB45-35AF-42E7-BAF3-A0D5BFF33E0C} = {962F7B50-5E5B-48FA-8384-CDAFD689AA0E}
		{0ECCEF01-B3FB-4083-9248-AE0B84E557D1} = {9CE6C9E1-85A8-41DB-97BC-DE423D51E432}
	EndGlobalSection
	GlobalSection(ExtensibilityGlobals) = postSolution
		SolutionGuid = {329408C3-9E0F-43BF-B0C9-D5ECBA22A3C1}
	EndGlobalSection
EndGlobal
